
Microsoft Visual Studio Solution File, Format Version 12.00
# Visual Studio 14
VisualStudioVersion = 14.0.25420.1
MinimumVisualStudioVersion = 10.0.40219.1
Project("{FAE04EC0-301F-11D3-BF4B-00C04F79EFBC}") = "Bot.Main.Moderate", "Bot.Main.Moderate\Bot.Main.Moderate.csproj", "{1D2A245A-8AE1-4EB9-9EF5-E0766A69DC59}"
EndProject
Project("{FAE04EC0-301F-11D3-BF4B-00C04F79EFBC}") = "Bot.Logic", "Bot.Logic\Bot.Logic.csproj", "{1B710B73-3FF1-4944-909B-538927C0041B}"
EndProject
Project("{FAE04EC0-301F-11D3-BF4B-00C04F79EFBC}") = "Bot.Models", "Bot.Models\Bot.Models.csproj", "{0FE69118-F69A-48F0-9B51-58FE52D0B826}"
EndProject
Project("{FAE04EC0-301F-11D3-BF4B-00C04F79EFBC}") = "Bot.Tools", "Bot.Tools\Bot.Tools.csproj", "{8F5439EB-10C4-4B67-8F1C-9E2A00D03000}"
EndProject
Project("{FAE04EC0-301F-11D3-BF4B-00C04F79EFBC}") = "Bot.Pipeline", "Bot.Pipeline\Bot.Pipeline.csproj", "{D5F1D9BF-2DDA-40F6-B30C-86C8B6D23E87}"
EndProject
Project("{2150E333-8FDC-42A3-9474-1A3956D46DE8}") = "Solution Items", "Solution Items", "{DF0A94B1-3750-4AC8-A12A-395B1B4E4EB0}"
	ProjectSection(SolutionItems) = preProject
		sqlite.testsettings = sqlite.testsettings
	EndProjectSection
EndProject
Project("{FAE04EC0-301F-11D3-BF4B-00C04F79EFBC}") = "Bot.Tools.Tests", "Bot.Tools.Tests\Bot.Tools.Tests.csproj", "{8C557A39-AA92-439D-B8E9-387606E204B6}"
EndProject
Project("{FAE04EC0-301F-11D3-BF4B-00C04F79EFBC}") = "Bot.Logic.Tests", "Bot.Logic.Tests\Bot.Logic.Tests.csproj", "{47FE6C11-F6BD-451D-963E-D7C82C5131AA}"
EndProject
Project("{FAE04EC0-301F-11D3-BF4B-00C04F79EFBC}") = "Bot.Database", "Bot.Database\Bot.Database.csproj", "{90E3E455-DA71-4415-8BA6-05E05926274B}"
EndProject
Project("{FAE04EC0-301F-11D3-BF4B-00C04F79EFBC}") = "Bot.Database.Tests", "Bot.Database.Tests\Bot.Database.Tests.csproj", "{B0CD878A-DABB-46D7-BDFB-6356DF0CA3DF}"
EndProject
Project("{FAE04EC0-301F-11D3-BF4B-00C04F79EFBC}") = "Bot.Main.Moderate.Tests", "Bot.Main.Moderate.Tests\Bot.Main.Moderate.Tests.csproj", "{02E8B588-E56E-4AB2-B3EB-B49A427DF115}"
EndProject
Global
	GlobalSection(SolutionConfigurationPlatforms) = preSolution
		Debug|Any CPU = Debug|Any CPU
		Release|Any CPU = Release|Any CPU
	EndGlobalSection
	GlobalSection(ProjectConfigurationPlatforms) = postSolution
		{1D2A245A-8AE1-4EB9-9EF5-E0766A69DC59}.Debug|Any CPU.ActiveCfg = Debug|Any CPU
		{1D2A245A-8AE1-4EB9-9EF5-E0766A69DC59}.Debug|Any CPU.Build.0 = Debug|Any CPU
		{1D2A245A-8AE1-4EB9-9EF5-E0766A69DC59}.Release|Any CPU.ActiveCfg = Release|Any CPU
		{1D2A245A-8AE1-4EB9-9EF5-E0766A69DC59}.Release|Any CPU.Build.0 = Release|Any CPU
		{1B710B73-3FF1-4944-909B-538927C0041B}.Debug|Any CPU.ActiveCfg = Debug|Any CPU
		{1B710B73-3FF1-4944-909B-538927C0041B}.Debug|Any CPU.Build.0 = Debug|Any CPU
		{1B710B73-3FF1-4944-909B-538927C0041B}.Release|Any CPU.ActiveCfg = Release|Any CPU
		{1B710B73-3FF1-4944-909B-538927C0041B}.Release|Any CPU.Build.0 = Release|Any CPU
		{0FE69118-F69A-48F0-9B51-58FE52D0B826}.Debug|Any CPU.ActiveCfg = Debug|Any CPU
		{0FE69118-F69A-48F0-9B51-58FE52D0B826}.Debug|Any CPU.Build.0 = Debug|Any CPU
		{0FE69118-F69A-48F0-9B51-58FE52D0B826}.Release|Any CPU.ActiveCfg = Release|Any CPU
		{0FE69118-F69A-48F0-9B51-58FE52D0B826}.Release|Any CPU.Build.0 = Release|Any CPU
		{8F5439EB-10C4-4B67-8F1C-9E2A00D03000}.Debug|Any CPU.ActiveCfg = Debug|Any CPU
		{8F5439EB-10C4-4B67-8F1C-9E2A00D03000}.Debug|Any CPU.Build.0 = Debug|Any CPU
		{8F5439EB-10C4-4B67-8F1C-9E2A00D03000}.Release|Any CPU.ActiveCfg = Release|Any CPU
		{8F5439EB-10C4-4B67-8F1C-9E2A00D03000}.Release|Any CPU.Build.0 = Release|Any CPU
		{D5F1D9BF-2DDA-40F6-B30C-86C8B6D23E87}.Debug|Any CPU.ActiveCfg = Debug|Any CPU
		{D5F1D9BF-2DDA-40F6-B30C-86C8B6D23E87}.Debug|Any CPU.Build.0 = Debug|Any CPU
		{D5F1D9BF-2DDA-40F6-B30C-86C8B6D23E87}.Release|Any CPU.ActiveCfg = Release|Any CPU
		{D5F1D9BF-2DDA-40F6-B30C-86C8B6D23E87}.Release|Any CPU.Build.0 = Release|Any CPU
		{8C557A39-AA92-439D-B8E9-387606E204B6}.Debug|Any CPU.ActiveCfg = Debug|Any CPU
		{8C557A39-AA92-439D-B8E9-387606E204B6}.Debug|Any CPU.Build.0 = Debug|Any CPU
		{8C557A39-AA92-439D-B8E9-387606E204B6}.Release|Any CPU.ActiveCfg = Release|Any CPU
		{8C557A39-AA92-439D-B8E9-387606E204B6}.Release|Any CPU.Build.0 = Release|Any CPU
		{47FE6C11-F6BD-451D-963E-D7C82C5131AA}.Debug|Any CPU.ActiveCfg = Debug|Any CPU
		{47FE6C11-F6BD-451D-963E-D7C82C5131AA}.Debug|Any CPU.Build.0 = Debug|Any CPU
		{47FE6C11-F6BD-451D-963E-D7C82C5131AA}.Release|Any CPU.ActiveCfg = Release|Any CPU
		{47FE6C11-F6BD-451D-963E-D7C82C5131AA}.Release|Any CPU.Build.0 = Release|Any CPU
		{90E3E455-DA71-4415-8BA6-05E05926274B}.Debug|Any CPU.ActiveCfg = Debug|Any CPU
		{90E3E455-DA71-4415-8BA6-05E05926274B}.Debug|Any CPU.Build.0 = Debug|Any CPU
		{90E3E455-DA71-4415-8BA6-05E05926274B}.Release|Any CPU.ActiveCfg = Release|Any CPU
		{90E3E455-DA71-4415-8BA6-05E05926274B}.Release|Any CPU.Build.0 = Release|Any CPU
		{B0CD878A-DABB-46D7-BDFB-6356DF0CA3DF}.Debug|Any CPU.ActiveCfg = Debug|Any CPU
		{B0CD878A-DABB-46D7-BDFB-6356DF0CA3DF}.Debug|Any CPU.Build.0 = Debug|Any CPU
		{B0CD878A-DABB-46D7-BDFB-6356DF0CA3DF}.Release|Any CPU.ActiveCfg = Release|Any CPU
		{B0CD878A-DABB-46D7-BDFB-6356DF0CA3DF}.Release|Any CPU.Build.0 = Release|Any CPU
		{02E8B588-E56E-4AB2-B3EB-B49A427DF115}.Debug|Any CPU.ActiveCfg = Debug|Any CPU
		{02E8B588-E56E-4AB2-B3EB-B49A427DF115}.Debug|Any CPU.Build.0 = Debug|Any CPU
		{02E8B588-E56E-4AB2-B3EB-B49A427DF115}.Release|Any CPU.ActiveCfg = Release|Any CPU
		{02E8B588-E56E-4AB2-B3EB-B49A427DF115}.Release|Any CPU.Build.0 = Release|Any CPU
	EndGlobalSection
	GlobalSection(SolutionProperties) = preSolution
		HideSolutionNode = FALSE
	EndGlobalSection
EndGlobal
