
Microsoft Visual Studio Solution File, Format Version 12.00
# Visual Studio 14
VisualStudioVersion = 14.0.25420.1
MinimumVisualStudioVersion = 10.0.40219.1
Project("{FAE04EC0-301F-11D3-BF4B-00C04F79EFBC}") = "Bot.Logic", "Bot.Logic\Bot.Logic.csproj", "{1B710B73-3FF1-4944-909B-538927C0041B}"
EndProject
Project("{FAE04EC0-301F-11D3-BF4B-00C04F79EFBC}") = "Bot.Models", "Bot.Models\Bot.Models.csproj", "{0FE69118-F69A-48F0-9B51-58FE52D0B826}"
EndProject
Project("{FAE04EC0-301F-11D3-BF4B-00C04F79EFBC}") = "Bot.Tools", "Bot.Tools\Bot.Tools.csproj", "{8F5439EB-10C4-4B67-8F1C-9E2A00D03000}"
EndProject
Project("{FAE04EC0-301F-11D3-BF4B-00C04F79EFBC}") = "Bot.Pipeline", "Bot.Pipeline\Bot.Pipeline.csproj", "{D5F1D9BF-2DDA-40F6-B30C-86C8B6D23E87}"
EndProject
Project("{2150E333-8FDC-42A3-9474-1A3956D46DE8}") = "Solution Items", "Solution Items", "{DF0A94B1-3750-4AC8-A12A-395B1B4E4EB0}"
EndProject
Project("{FAE04EC0-301F-11D3-BF4B-00C04F79EFBC}") = "Bot.Tools.Tests", "Bot.Tools.Tests\Bot.Tools.Tests.csproj", "{8C557A39-AA92-439D-B8E9-387606E204B6}"
EndProject
Project("{FAE04EC0-301F-11D3-BF4B-00C04F79EFBC}") = "Bot.Database.Tests", "Bot.Database.Tests\Bot.Database.Tests.csproj", "{B0CD878A-DABB-46D7-BDFB-6356DF0CA3DF}"
EndProject
Project("{FAE04EC0-301F-11D3-BF4B-00C04F79EFBC}") = "Bot.Tests", "Bot.Tests\Bot.Tests.csproj", "{29C9D95A-BA8D-4E5E-B88A-FC22C607A73F}"
EndProject
Project("{FAE04EC0-301F-11D3-BF4B-00C04F79EFBC}") = "Bot.Database.Entities", "Bot.Database.Entities\Bot.Database.Entities.csproj", "{2A5B9732-8A1F-44DB-AD56-8446D3402CAE}"
EndProject
Project("{FAE04EC0-301F-11D3-BF4B-00C04F79EFBC}") = "Bot.Database", "Bot.Database\Bot.Database.csproj", "{C4B57927-0CB4-438D-8B45-FC51A8E43C58}"
EndProject
Project("{FAE04EC0-301F-11D3-BF4B-00C04F79EFBC}") = "Bot.Repository", "Bot.Repository\Bot.Repository.csproj", "{1259BE33-8195-4FB1-BB63-CE5FF95E39DC}"
EndProject
Project("{FAE04EC0-301F-11D3-BF4B-00C04F79EFBC}") = "Bot.Repository.Tests", "Bot.Repository.Tests\Bot.Repository.Tests.csproj", "{B1452455-4607-4B03-8D01-DFAE465A034F}"
EndProject
Project("{FAE04EC0-301F-11D3-BF4B-00C04F79EFBC}") = "Bot.Main.Moderate.Tests", "Bot.Main.Moderate.Tests\Bot.Main.Moderate.Tests.csproj", "{017BAD23-6D37-4B6B-8493-6D9324834CAA}"
EndProject
Project("{FAE04EC0-301F-11D3-BF4B-00C04F79EFBC}") = "Bot.Logic.Tests", "Bot.Logic.Tests\Bot.Logic.Tests.csproj", "{8E63308F-B35E-4F96-9F3E-8CC2505CA622}"
EndProject
Project("{FAE04EC0-301F-11D3-BF4B-00C04F79EFBC}") = "Bot.Main.Moderate", "Bot.Main.Moderate\Bot.Main.Moderate.csproj", "{496E249E-AB00-4224-AFB0-BDDDCAE92F09}"
EndProject
Project("{FAE04EC0-301F-11D3-BF4B-00C04F79EFBC}") = "Bot.Pipeline.Tests", "Bot.Pipeline.Tests\Bot.Pipeline.Tests.csproj", "{98933F7B-7E96-4335-A8F1-8002C259487D}"
EndProject
Global
	GlobalSection(SolutionConfigurationPlatforms) = preSolution
		Debug|Any CPU = Debug|Any CPU
		Release|Any CPU = Release|Any CPU
	EndGlobalSection
	GlobalSection(ProjectConfigurationPlatforms) = postSolution
		{1B710B73-3FF1-4944-909B-538927C0041B}.Debug|Any CPU.ActiveCfg = Debug|Any CPU
		{1B710B73-3FF1-4944-909B-538927C0041B}.Debug|Any CPU.Build.0 = Debug|Any CPU
		{1B710B73-3FF1-4944-909B-538927C0041B}.Release|Any CPU.ActiveCfg = Release|Any CPU
		{1B710B73-3FF1-4944-909B-538927C0041B}.Release|Any CPU.Build.0 = Release|Any CPU
		{0FE69118-F69A-48F0-9B51-58FE52D0B826}.Debug|Any CPU.ActiveCfg = Debug|Any CPU
		{0FE69118-F69A-48F0-9B51-58FE52D0B826}.Debug|Any CPU.Build.0 = Debug|Any CPU
		{0FE69118-F69A-48F0-9B51-58FE52D0B826}.Release|Any CPU.ActiveCfg = Release|Any CPU
		{0FE69118-F69A-48F0-9B51-58FE52D0B826}.Release|Any CPU.Build.0 = Release|Any CPU
		{8F5439EB-10C4-4B67-8F1C-9E2A00D03000}.Debug|Any CPU.ActiveCfg = Debug|Any CPU
		{8F5439EB-10C4-4B67-8F1C-9E2A00D03000}.Debug|Any CPU.Build.0 = Debug|Any CPU
		{8F5439EB-10C4-4B67-8F1C-9E2A00D03000}.Release|Any CPU.ActiveCfg = Release|Any CPU
		{8F5439EB-10C4-4B67-8F1C-9E2A00D03000}.Release|Any CPU.Build.0 = Release|Any CPU
		{D5F1D9BF-2DDA-40F6-B30C-86C8B6D23E87}.Debug|Any CPU.ActiveCfg = Debug|Any CPU
		{D5F1D9BF-2DDA-40F6-B30C-86C8B6D23E87}.Debug|Any CPU.Build.0 = Debug|Any CPU
		{D5F1D9BF-2DDA-40F6-B30C-86C8B6D23E87}.Release|Any CPU.ActiveCfg = Release|Any CPU
		{D5F1D9BF-2DDA-40F6-B30C-86C8B6D23E87}.Release|Any CPU.Build.0 = Release|Any CPU
		{8C557A39-AA92-439D-B8E9-387606E204B6}.Debug|Any CPU.ActiveCfg = Debug|Any CPU
		{8C557A39-AA92-439D-B8E9-387606E204B6}.Debug|Any CPU.Build.0 = Debug|Any CPU
		{8C557A39-AA92-439D-B8E9-387606E204B6}.Release|Any CPU.ActiveCfg = Release|Any CPU
		{8C557A39-AA92-439D-B8E9-387606E204B6}.Release|Any CPU.Build.0 = Release|Any CPU
		{B0CD878A-DABB-46D7-BDFB-6356DF0CA3DF}.Debug|Any CPU.ActiveCfg = Debug|Any CPU
		{B0CD878A-DABB-46D7-BDFB-6356DF0CA3DF}.Debug|Any CPU.Build.0 = Debug|Any CPU
		{B0CD878A-DABB-46D7-BDFB-6356DF0CA3DF}.Release|Any CPU.ActiveCfg = Release|Any CPU
		{B0CD878A-DABB-46D7-BDFB-6356DF0CA3DF}.Release|Any CPU.Build.0 = Release|Any CPU
		{29C9D95A-BA8D-4E5E-B88A-FC22C607A73F}.Debug|Any CPU.ActiveCfg = Debug|Any CPU
		{29C9D95A-BA8D-4E5E-B88A-FC22C607A73F}.Debug|Any CPU.Build.0 = Debug|Any CPU
		{29C9D95A-BA8D-4E5E-B88A-FC22C607A73F}.Release|Any CPU.ActiveCfg = Release|Any CPU
		{29C9D95A-BA8D-4E5E-B88A-FC22C607A73F}.Release|Any CPU.Build.0 = Release|Any CPU
		{2A5B9732-8A1F-44DB-AD56-8446D3402CAE}.Debug|Any CPU.ActiveCfg = Debug|Any CPU
		{2A5B9732-8A1F-44DB-AD56-8446D3402CAE}.Debug|Any CPU.Build.0 = Debug|Any CPU
		{2A5B9732-8A1F-44DB-AD56-8446D3402CAE}.Release|Any CPU.ActiveCfg = Release|Any CPU
		{2A5B9732-8A1F-44DB-AD56-8446D3402CAE}.Release|Any CPU.Build.0 = Release|Any CPU
		{C4B57927-0CB4-438D-8B45-FC51A8E43C58}.Debug|Any CPU.ActiveCfg = Debug|Any CPU
		{C4B57927-0CB4-438D-8B45-FC51A8E43C58}.Debug|Any CPU.Build.0 = Debug|Any CPU
		{C4B57927-0CB4-438D-8B45-FC51A8E43C58}.Release|Any CPU.ActiveCfg = Release|Any CPU
		{C4B57927-0CB4-438D-8B45-FC51A8E43C58}.Release|Any CPU.Build.0 = Release|Any CPU
		{1259BE33-8195-4FB1-BB63-CE5FF95E39DC}.Debug|Any CPU.ActiveCfg = Debug|Any CPU
		{1259BE33-8195-4FB1-BB63-CE5FF95E39DC}.Debug|Any CPU.Build.0 = Debug|Any CPU
		{1259BE33-8195-4FB1-BB63-CE5FF95E39DC}.Release|Any CPU.ActiveCfg = Release|Any CPU
		{1259BE33-8195-4FB1-BB63-CE5FF95E39DC}.Release|Any CPU.Build.0 = Release|Any CPU
		{B1452455-4607-4B03-8D01-DFAE465A034F}.Debug|Any CPU.ActiveCfg = Debug|Any CPU
		{B1452455-4607-4B03-8D01-DFAE465A034F}.Debug|Any CPU.Build.0 = Debug|Any CPU
		{B1452455-4607-4B03-8D01-DFAE465A034F}.Release|Any CPU.ActiveCfg = Release|Any CPU
		{B1452455-4607-4B03-8D01-DFAE465A034F}.Release|Any CPU.Build.0 = Release|Any CPU
		{017BAD23-6D37-4B6B-8493-6D9324834CAA}.Debug|Any CPU.ActiveCfg = Debug|Any CPU
		{017BAD23-6D37-4B6B-8493-6D9324834CAA}.Debug|Any CPU.Build.0 = Debug|Any CPU
		{017BAD23-6D37-4B6B-8493-6D9324834CAA}.Release|Any CPU.ActiveCfg = Release|Any CPU
		{017BAD23-6D37-4B6B-8493-6D9324834CAA}.Release|Any CPU.Build.0 = Release|Any CPU
		{8E63308F-B35E-4F96-9F3E-8CC2505CA622}.Debug|Any CPU.ActiveCfg = Debug|Any CPU
		{8E63308F-B35E-4F96-9F3E-8CC2505CA622}.Debug|Any CPU.Build.0 = Debug|Any CPU
		{8E63308F-B35E-4F96-9F3E-8CC2505CA622}.Release|Any CPU.ActiveCfg = Release|Any CPU
		{8E63308F-B35E-4F96-9F3E-8CC2505CA622}.Release|Any CPU.Build.0 = Release|Any CPU
		{496E249E-AB00-4224-AFB0-BDDDCAE92F09}.Debug|Any CPU.ActiveCfg = Debug|Any CPU
		{496E249E-AB00-4224-AFB0-BDDDCAE92F09}.Debug|Any CPU.Build.0 = Debug|Any CPU
		{496E249E-AB00-4224-AFB0-BDDDCAE92F09}.Release|Any CPU.ActiveCfg = Release|Any CPU
		{496E249E-AB00-4224-AFB0-BDDDCAE92F09}.Release|Any CPU.Build.0 = Release|Any CPU
		{98933F7B-7E96-4335-A8F1-8002C259487D}.Debug|Any CPU.ActiveCfg = Debug|Any CPU
		{98933F7B-7E96-4335-A8F1-8002C259487D}.Debug|Any CPU.Build.0 = Debug|Any CPU
		{98933F7B-7E96-4335-A8F1-8002C259487D}.Release|Any CPU.ActiveCfg = Release|Any CPU
		{98933F7B-7E96-4335-A8F1-8002C259487D}.Release|Any CPU.Build.0 = Release|Any CPU
	EndGlobalSection
	GlobalSection(SolutionProperties) = preSolution
		HideSolutionNode = FALSE
	EndGlobalSection
EndGlobal
