
Microsoft Visual Studio Solution File, Format Version 12.00
# Visual Studio 14
VisualStudioVersion = 14.0.25420.1
MinimumVisualStudioVersion = 10.0.40219.1
Project("{FAE04EC0-301F-11D3-BF4B-00C04F79EFBC}") = "Bot.Logic.Contracts", "Bot.Logic.Contracts\Bot.Logic.Contracts.csproj", "{8D38A0E1-D030-45B7-9C66-674CA02DFCFF}"
EndProject
Project("{FAE04EC0-301F-11D3-BF4B-00C04F79EFBC}") = "Bot.Database.Contracts", "Bot.Database.Contracts\Bot.Database.Contracts.csproj", "{78952539-F2BB-4DCD-8457-EFE0F58FBD69}"
EndProject
Project("{FAE04EC0-301F-11D3-BF4B-00C04F79EFBC}") = "Bot.Client.Contracts", "Bot.Client.Contracts\Bot.Client.Contracts.csproj", "{45B2D5AD-FE25-43AA-AC01-436CD0E1FEE3}"
EndProject
Project("{FAE04EC0-301F-11D3-BF4B-00C04F79EFBC}") = "Bot.Main.Moderate", "Bot.Main.Moderate\Bot.Main.Moderate.csproj", "{1D2A245A-8AE1-4EB9-9EF5-E0766A69DC59}"
EndProject
Project("{FAE04EC0-301F-11D3-BF4B-00C04F79EFBC}") = "Bot.Models.Contracts", "Bot.Models.Contracts\Bot.Models.Contracts.csproj", "{6164E231-B141-4647-9422-A02DA469DAFF}"
EndProject
Project("{FAE04EC0-301F-11D3-BF4B-00C04F79EFBC}") = "Bot.Client", "Bot.Client\Bot.Client.csproj", "{BD9DD45B-651C-444D-885C-F96B3BBE1982}"
EndProject
Project("{FAE04EC0-301F-11D3-BF4B-00C04F79EFBC}") = "Bot.Models.Websockets", "Bot.Models.Websockets\Bot.Models.Websockets.csproj", "{31E10AA0-E8B2-4CFE-AEA1-64E41647CBE5}"
EndProject
Project("{FAE04EC0-301F-11D3-BF4B-00C04F79EFBC}") = "Bot.Logic", "Bot.Logic\Bot.Logic.csproj", "{1B710B73-3FF1-4944-909B-538927C0041B}"
EndProject
Project("{FAE04EC0-301F-11D3-BF4B-00C04F79EFBC}") = "Bot.Models", "Bot.Models\Bot.Models.csproj", "{0FE69118-F69A-48F0-9B51-58FE52D0B826}"
EndProject
Global
	GlobalSection(SolutionConfigurationPlatforms) = preSolution
		Debug|Any CPU = Debug|Any CPU
		Release|Any CPU = Release|Any CPU
	EndGlobalSection
	GlobalSection(ProjectConfigurationPlatforms) = postSolution
		{8D38A0E1-D030-45B7-9C66-674CA02DFCFF}.Debug|Any CPU.ActiveCfg = Debug|Any CPU
		{8D38A0E1-D030-45B7-9C66-674CA02DFCFF}.Debug|Any CPU.Build.0 = Debug|Any CPU
		{8D38A0E1-D030-45B7-9C66-674CA02DFCFF}.Release|Any CPU.ActiveCfg = Release|Any CPU
		{8D38A0E1-D030-45B7-9C66-674CA02DFCFF}.Release|Any CPU.Build.0 = Release|Any CPU
		{78952539-F2BB-4DCD-8457-EFE0F58FBD69}.Debug|Any CPU.ActiveCfg = Debug|Any CPU
		{78952539-F2BB-4DCD-8457-EFE0F58FBD69}.Debug|Any CPU.Build.0 = Debug|Any CPU
		{78952539-F2BB-4DCD-8457-EFE0F58FBD69}.Release|Any CPU.ActiveCfg = Release|Any CPU
		{78952539-F2BB-4DCD-8457-EFE0F58FBD69}.Release|Any CPU.Build.0 = Release|Any CPU
		{45B2D5AD-FE25-43AA-AC01-436CD0E1FEE3}.Debug|Any CPU.ActiveCfg = Debug|Any CPU
		{45B2D5AD-FE25-43AA-AC01-436CD0E1FEE3}.Debug|Any CPU.Build.0 = Debug|Any CPU
		{45B2D5AD-FE25-43AA-AC01-436CD0E1FEE3}.Release|Any CPU.ActiveCfg = Release|Any CPU
		{45B2D5AD-FE25-43AA-AC01-436CD0E1FEE3}.Release|Any CPU.Build.0 = Release|Any CPU
		{1D2A245A-8AE1-4EB9-9EF5-E0766A69DC59}.Debug|Any CPU.ActiveCfg = Debug|Any CPU
		{1D2A245A-8AE1-4EB9-9EF5-E0766A69DC59}.Debug|Any CPU.Build.0 = Debug|Any CPU
		{1D2A245A-8AE1-4EB9-9EF5-E0766A69DC59}.Release|Any CPU.ActiveCfg = Release|Any CPU
		{1D2A245A-8AE1-4EB9-9EF5-E0766A69DC59}.Release|Any CPU.Build.0 = Release|Any CPU
		{6164E231-B141-4647-9422-A02DA469DAFF}.Debug|Any CPU.ActiveCfg = Debug|Any CPU
		{6164E231-B141-4647-9422-A02DA469DAFF}.Debug|Any CPU.Build.0 = Debug|Any CPU
		{6164E231-B141-4647-9422-A02DA469DAFF}.Release|Any CPU.ActiveCfg = Release|Any CPU
		{6164E231-B141-4647-9422-A02DA469DAFF}.Release|Any CPU.Build.0 = Release|Any CPU
		{BD9DD45B-651C-444D-885C-F96B3BBE1982}.Debug|Any CPU.ActiveCfg = Debug|Any CPU
		{BD9DD45B-651C-444D-885C-F96B3BBE1982}.Debug|Any CPU.Build.0 = Debug|Any CPU
		{BD9DD45B-651C-444D-885C-F96B3BBE1982}.Release|Any CPU.ActiveCfg = Release|Any CPU
		{BD9DD45B-651C-444D-885C-F96B3BBE1982}.Release|Any CPU.Build.0 = Release|Any CPU
		{31E10AA0-E8B2-4CFE-AEA1-64E41647CBE5}.Debug|Any CPU.ActiveCfg = Debug|Any CPU
		{31E10AA0-E8B2-4CFE-AEA1-64E41647CBE5}.Debug|Any CPU.Build.0 = Debug|Any CPU
		{31E10AA0-E8B2-4CFE-AEA1-64E41647CBE5}.Release|Any CPU.ActiveCfg = Release|Any CPU
		{31E10AA0-E8B2-4CFE-AEA1-64E41647CBE5}.Release|Any CPU.Build.0 = Release|Any CPU
		{1B710B73-3FF1-4944-909B-538927C0041B}.Debug|Any CPU.ActiveCfg = Debug|Any CPU
		{1B710B73-3FF1-4944-909B-538927C0041B}.Debug|Any CPU.Build.0 = Debug|Any CPU
		{1B710B73-3FF1-4944-909B-538927C0041B}.Release|Any CPU.ActiveCfg = Release|Any CPU
		{1B710B73-3FF1-4944-909B-538927C0041B}.Release|Any CPU.Build.0 = Release|Any CPU
		{0FE69118-F69A-48F0-9B51-58FE52D0B826}.Debug|Any CPU.ActiveCfg = Debug|Any CPU
		{0FE69118-F69A-48F0-9B51-58FE52D0B826}.Debug|Any CPU.Build.0 = Debug|Any CPU
		{0FE69118-F69A-48F0-9B51-58FE52D0B826}.Release|Any CPU.ActiveCfg = Release|Any CPU
		{0FE69118-F69A-48F0-9B51-58FE52D0B826}.Release|Any CPU.Build.0 = Release|Any CPU
	EndGlobalSection
	GlobalSection(SolutionProperties) = preSolution
		HideSolutionNode = FALSE
	EndGlobalSection
EndGlobal
